
Microsoft Visual Studio Solution File, Format Version 12.00
# Visual Studio Version 16
VisualStudioVersion = 16.0.32106.194
MinimumVisualStudioVersion = 10.0.40219.1
Project("{FAE04EC0-301F-11D3-BF4B-00C04F79EFBC}") = "test2isp11-17", "test2isp11-17\test2isp11-17.csproj", "{5188829E-A7F5-4154-8CAE-F2D4568FD1DC}"
EndProject
Global
	GlobalSection(SolutionConfigurationPlatforms) = preSolution
		Debug|Any CPU = Debug|Any CPU
		Release|Any CPU = Release|Any CPU
	EndGlobalSection
	GlobalSection(ProjectConfigurationPlatforms) = postSolution
		{5188829E-A7F5-4154-8CAE-F2D4568FD1DC}.Debug|Any CPU.ActiveCfg = Debug|Any CPU
		{5188829E-A7F5-4154-8CAE-F2D4568FD1DC}.Debug|Any CPU.Build.0 = Debug|Any CPU
		{5188829E-A7F5-4154-8CAE-F2D4568FD1DC}.Release|Any CPU.ActiveCfg = Release|Any CPU
		{5188829E-A7F5-4154-8CAE-F2D4568FD1DC}.Release|Any CPU.Build.0 = Release|Any CPU
	EndGlobalSection
	GlobalSection(SolutionProperties) = preSolution
		HideSolutionNode = FALSE
	EndGlobalSection
	GlobalSection(ExtensibilityGlobals) = postSolution
		SolutionGuid = {954EC8BE-4D46-470F-8758-3485AF62FA82}
	EndGlobalSection
EndGlobal
